
Microsoft Visual Studio Solution File, Format Version 12.00
Project("{FAE04EC0-301F-11D3-BF4B-00C04F79EFBC}") = "Backend", "Backend\Backend.csproj", "{4511E386-26EA-4C5E-8C8C-0F493D2F4B0A}"
EndProject
Global
	GlobalSection(SolutionConfigurationPlatforms) = preSolution
		Debug|Any CPU = Debug|Any CPU
		Release|Any CPU = Release|Any CPU
	EndGlobalSection
	GlobalSection(ProjectConfigurationPlatforms) = postSolution
		{4511E386-26EA-4C5E-8C8C-0F493D2F4B0A}.Debug|Any CPU.ActiveCfg = Debug|Any CPU
		{4511E386-26EA-4C5E-8C8C-0F493D2F4B0A}.Debug|Any CPU.Build.0 = Debug|Any CPU
		{4511E386-26EA-4C5E-8C8C-0F493D2F4B0A}.Release|Any CPU.ActiveCfg = Release|Any CPU
		{4511E386-26EA-4C5E-8C8C-0F493D2F4B0A}.Release|Any CPU.Build.0 = Release|Any CPU
	EndGlobalSection
EndGlobal
